
Microsoft Visual Studio Solution File, Format Version 12.00
# Visual Studio 15
VisualStudioVersion = 15.0.28307.2017
MinimumVisualStudioVersion = 10.0.40219.1
Project("{FAE04EC0-301F-11D3-BF4B-00C04F79EFBC}") = "Configuration Validation", "Configuration Validation.csproj", "{8EB7934C-3A16-48FE-83AD-316E8EFA7872}"
EndProject
Project("{FAE04EC0-301F-11D3-BF4B-00C04F79EFBC}") = "EchosignRESTClient", "EchosignRESTClient\EchosignRESTClient.csproj", "{DFC43AF1-4F40-4683-B390-7CF9E8413F96}"
EndProject
Global
	GlobalSection(SolutionConfigurationPlatforms) = preSolution
		Debug|Any CPU = Debug|Any CPU
		Release|Any CPU = Release|Any CPU
	EndGlobalSection
	GlobalSection(ProjectConfigurationPlatforms) = postSolution
		{8EB7934C-3A16-48FE-83AD-316E8EFA7872}.Debug|Any CPU.ActiveCfg = Debug|Any CPU
		{8EB7934C-3A16-48FE-83AD-316E8EFA7872}.Debug|Any CPU.Build.0 = Debug|Any CPU
		{8EB7934C-3A16-48FE-83AD-316E8EFA7872}.Release|Any CPU.ActiveCfg = Release|Any CPU
		{8EB7934C-3A16-48FE-83AD-316E8EFA7872}.Release|Any CPU.Build.0 = Release|Any CPU
		{DFC43AF1-4F40-4683-B390-7CF9E8413F96}.Debug|Any CPU.ActiveCfg = Debug|Any CPU
		{DFC43AF1-4F40-4683-B390-7CF9E8413F96}.Debug|Any CPU.Build.0 = Debug|Any CPU
		{DFC43AF1-4F40-4683-B390-7CF9E8413F96}.Release|Any CPU.ActiveCfg = Release|Any CPU
		{DFC43AF1-4F40-4683-B390-7CF9E8413F96}.Release|Any CPU.Build.0 = Release|Any CPU
	EndGlobalSection
	GlobalSection(SolutionProperties) = preSolution
		HideSolutionNode = FALSE
	EndGlobalSection
	GlobalSection(ExtensibilityGlobals) = postSolution
		SolutionGuid = {CB4BAED9-1332-4E1E-980F-D0D018F19B74}
	EndGlobalSection
EndGlobal
