
Microsoft Visual Studio Solution File, Format Version 12.00
# Visual Studio 15
VisualStudioVersion = 15.0.28307.271
MinimumVisualStudioVersion = 10.0.40219.1
Project("{9A19103F-16F7-4668-BE54-9A1E7A4F7556}") = "KannanConsoleApp", "KannanConsoleApp.csproj", "{D29E9B66-F684-4223-B06D-77A93B11617A}"
EndProject
Global
	GlobalSection(SolutionConfigurationPlatforms) = preSolution
		Debug|Any CPU = Debug|Any CPU
		Release|Any CPU = Release|Any CPU
	EndGlobalSection
	GlobalSection(ProjectConfigurationPlatforms) = postSolution
		{D29E9B66-F684-4223-B06D-77A93B11617A}.Debug|Any CPU.ActiveCfg = Debug|Any CPU
		{D29E9B66-F684-4223-B06D-77A93B11617A}.Debug|Any CPU.Build.0 = Debug|Any CPU
		{D29E9B66-F684-4223-B06D-77A93B11617A}.Release|Any CPU.ActiveCfg = Release|Any CPU
		{D29E9B66-F684-4223-B06D-77A93B11617A}.Release|Any CPU.Build.0 = Release|Any CPU
	EndGlobalSection
	GlobalSection(SolutionProperties) = preSolution
		HideSolutionNode = FALSE
	EndGlobalSection
	GlobalSection(ExtensibilityGlobals) = postSolution
		SolutionGuid = {CBCB1CE6-9B4E-4C45-8B64-2331D2CECEAC}
	EndGlobalSection
EndGlobal
