
Microsoft Visual Studio Solution File, Format Version 12.00
# Visual Studio 14
VisualStudioVersion = 14.0.23107.0
MinimumVisualStudioVersion = 10.0.40219.1
Project("{FAE04EC0-301F-11D3-BF4B-00C04F79EFBC}") = "Pool", "Pool\Pool.csproj", "{E7740B46-BDCC-4B3C-8BFB-968356017AE4}"
EndProject
Global
	GlobalSection(SolutionConfigurationPlatforms) = preSolution
		Debug|Any CPU = Debug|Any CPU
		Release|Any CPU = Release|Any CPU
	EndGlobalSection
	GlobalSection(ProjectConfigurationPlatforms) = postSolution
		{E7740B46-BDCC-4B3C-8BFB-968356017AE4}.Debug|Any CPU.ActiveCfg = Debug|Any CPU
		{E7740B46-BDCC-4B3C-8BFB-968356017AE4}.Debug|Any CPU.Build.0 = Debug|Any CPU
		{E7740B46-BDCC-4B3C-8BFB-968356017AE4}.Release|Any CPU.ActiveCfg = Release|Any CPU
		{E7740B46-BDCC-4B3C-8BFB-968356017AE4}.Release|Any CPU.Build.0 = Release|Any CPU
	EndGlobalSection
	GlobalSection(SolutionProperties) = preSolution
		HideSolutionNode = FALSE
	EndGlobalSection
EndGlobal
